
Microsoft Visual Studio Solution File, Format Version 12.00
# Visual Studio 15
VisualStudioVersion = 15.0.28307.1231
MinimumVisualStudioVersion = 10.0.40219.1
Project("{FAE04EC0-301F-11D3-BF4B-00C04F79EFBC}") = "001-字符串string", "001-字符串string\001-字符串string.csproj", "{0461114F-ADE0-49B1-9EC1-B2FC64E7F427}"
EndProject
Project("{FAE04EC0-301F-11D3-BF4B-00C04F79EFBC}") = "004-委托", "004-委托\004-委托.csproj", "{7BB85E7D-76BC-430E-8C14-54FE00F14169}"
EndProject
Project("{FAE04EC0-301F-11D3-BF4B-00C04F79EFBC}") = "005-Action委托", "005-Action委托\005-Action委托.csproj", "{E20522F7-5AC8-4760-ACE2-614B38B5F821}"
EndProject
Project("{FAE04EC0-301F-11D3-BF4B-00C04F79EFBC}") = "006-Func委托", "006-Func委托\006-Func委托.csproj", "{C305CB3B-F396-49F0-BB7C-CBF1912BE7EC}"
EndProject
Project("{FAE04EC0-301F-11D3-BF4B-00C04F79EFBC}") = "007-冒泡排序拓展", "007-冒泡排序拓展\007-冒泡排序拓展.csproj", "{4F911BCC-637B-427E-9EF4-0C4B6408CD40}"
EndProject
Project("{FAE04EC0-301F-11D3-BF4B-00C04F79EFBC}") = "008-多播委托", "008-多播委托\008-多播委托.csproj", "{1FAD736F-69BD-4A5E-BDB2-5AE493BCF373}"
EndProject
Project("{FAE04EC0-301F-11D3-BF4B-00C04F79EFBC}") = "009-匿名方法", "009-匿名方法\009-匿名方法.csproj", "{8F4F05E6-3106-4B5A-A4C4-539D14F9DB96}"
EndProject
Project("{FAE04EC0-301F-11D3-BF4B-00C04F79EFBC}") = "010-Lambda表达式", "010-Lambda表达式\010-Lambda表达式.csproj", "{07533148-AD35-43D0-83C6-3AA938830C7E}"
EndProject
Project("{FAE04EC0-301F-11D3-BF4B-00C04F79EFBC}") = "011-事件", "011-事件\011-事件.csproj", "{55FBB2DB-D19C-4469-8305-282E41F451D5}"
EndProject
Global
	GlobalSection(SolutionConfigurationPlatforms) = preSolution
		Debug|Any CPU = Debug|Any CPU
		Release|Any CPU = Release|Any CPU
	EndGlobalSection
	GlobalSection(ProjectConfigurationPlatforms) = postSolution
		{0461114F-ADE0-49B1-9EC1-B2FC64E7F427}.Debug|Any CPU.ActiveCfg = Debug|Any CPU
		{0461114F-ADE0-49B1-9EC1-B2FC64E7F427}.Debug|Any CPU.Build.0 = Debug|Any CPU
		{0461114F-ADE0-49B1-9EC1-B2FC64E7F427}.Release|Any CPU.ActiveCfg = Release|Any CPU
		{0461114F-ADE0-49B1-9EC1-B2FC64E7F427}.Release|Any CPU.Build.0 = Release|Any CPU
		{7BB85E7D-76BC-430E-8C14-54FE00F14169}.Debug|Any CPU.ActiveCfg = Debug|Any CPU
		{7BB85E7D-76BC-430E-8C14-54FE00F14169}.Debug|Any CPU.Build.0 = Debug|Any CPU
		{7BB85E7D-76BC-430E-8C14-54FE00F14169}.Release|Any CPU.ActiveCfg = Release|Any CPU
		{7BB85E7D-76BC-430E-8C14-54FE00F14169}.Release|Any CPU.Build.0 = Release|Any CPU
		{E20522F7-5AC8-4760-ACE2-614B38B5F821}.Debug|Any CPU.ActiveCfg = Debug|Any CPU
		{E20522F7-5AC8-4760-ACE2-614B38B5F821}.Debug|Any CPU.Build.0 = Debug|Any CPU
		{E20522F7-5AC8-4760-ACE2-614B38B5F821}.Release|Any CPU.ActiveCfg = Release|Any CPU
		{E20522F7-5AC8-4760-ACE2-614B38B5F821}.Release|Any CPU.Build.0 = Release|Any CPU
		{C305CB3B-F396-49F0-BB7C-CBF1912BE7EC}.Debug|Any CPU.ActiveCfg = Debug|Any CPU
		{C305CB3B-F396-49F0-BB7C-CBF1912BE7EC}.Debug|Any CPU.Build.0 = Debug|Any CPU
		{C305CB3B-F396-49F0-BB7C-CBF1912BE7EC}.Release|Any CPU.ActiveCfg = Release|Any CPU
		{C305CB3B-F396-49F0-BB7C-CBF1912BE7EC}.Release|Any CPU.Build.0 = Release|Any CPU
		{4F911BCC-637B-427E-9EF4-0C4B6408CD40}.Debug|Any CPU.ActiveCfg = Debug|Any CPU
		{4F911BCC-637B-427E-9EF4-0C4B6408CD40}.Debug|Any CPU.Build.0 = Debug|Any CPU
		{4F911BCC-637B-427E-9EF4-0C4B6408CD40}.Release|Any CPU.ActiveCfg = Release|Any CPU
		{4F911BCC-637B-427E-9EF4-0C4B6408CD40}.Release|Any CPU.Build.0 = Release|Any CPU
		{1FAD736F-69BD-4A5E-BDB2-5AE493BCF373}.Debug|Any CPU.ActiveCfg = Debug|Any CPU
		{1FAD736F-69BD-4A5E-BDB2-5AE493BCF373}.Debug|Any CPU.Build.0 = Debug|Any CPU
		{1FAD736F-69BD-4A5E-BDB2-5AE493BCF373}.Release|Any CPU.ActiveCfg = Release|Any CPU
		{1FAD736F-69BD-4A5E-BDB2-5AE493BCF373}.Release|Any CPU.Build.0 = Release|Any CPU
		{8F4F05E6-3106-4B5A-A4C4-539D14F9DB96}.Debug|Any CPU.ActiveCfg = Debug|Any CPU
		{8F4F05E6-3106-4B5A-A4C4-539D14F9DB96}.Debug|Any CPU.Build.0 = Debug|Any CPU
		{8F4F05E6-3106-4B5A-A4C4-539D14F9DB96}.Release|Any CPU.ActiveCfg = Release|Any CPU
		{8F4F05E6-3106-4B5A-A4C4-539D14F9DB96}.Release|Any CPU.Build.0 = Release|Any CPU
		{07533148-AD35-43D0-83C6-3AA938830C7E}.Debug|Any CPU.ActiveCfg = Debug|Any CPU
		{07533148-AD35-43D0-83C6-3AA938830C7E}.Debug|Any CPU.Build.0 = Debug|Any CPU
		{07533148-AD35-43D0-83C6-3AA938830C7E}.Release|Any CPU.ActiveCfg = Release|Any CPU
		{07533148-AD35-43D0-83C6-3AA938830C7E}.Release|Any CPU.Build.0 = Release|Any CPU
		{55FBB2DB-D19C-4469-8305-282E41F451D5}.Debug|Any CPU.ActiveCfg = Debug|Any CPU
		{55FBB2DB-D19C-4469-8305-282E41F451D5}.Debug|Any CPU.Build.0 = Debug|Any CPU
		{55FBB2DB-D19C-4469-8305-282E41F451D5}.Release|Any CPU.ActiveCfg = Release|Any CPU
		{55FBB2DB-D19C-4469-8305-282E41F451D5}.Release|Any CPU.Build.0 = Release|Any CPU
	EndGlobalSection
	GlobalSection(SolutionProperties) = preSolution
		HideSolutionNode = FALSE
	EndGlobalSection
	GlobalSection(ExtensibilityGlobals) = postSolution
		SolutionGuid = {D32DEACE-A4E1-4487-ABE9-2B337C0DB69C}
	EndGlobalSection
EndGlobal
